// !$*UTF8*$!
{
	archiveVersion = 1;
	classes = {
	};
	objectVersion = 55;
	objects = {

/* Begin PBXBuildFile section */
		20302C126F897A5F78853ED2 /* Pods_figmaapp1.framework in Frameworks */ = {isa = PBXBuildFile; fileRef = 4710AC7186A4CF26DA497328 /* Pods_figmaapp1.framework */; };
		605D8EC0278615DF00F6D5A4 /* FourthViewController.swift in Sources */ = {isa = PBXBuildFile; fileRef = 605D8EBF278615DF00F6D5A4 /* FourthViewController.swift */; };
		6092DE272786091500CFE26F /* ThirdViewController.swift in Sources */ = {isa = PBXBuildFile; fileRef = 6092DE262786091500CFE26F /* ThirdViewController.swift */; };
		60CB09062786B11E0082B20B /* FifthViewController.swift in Sources */ = {isa = PBXBuildFile; fileRef = 60CB09052786B11E0082B20B /* FifthViewController.swift */; };
		60CB09082786B4770082B20B /* SixthViewController.swift in Sources */ = {isa = PBXBuildFile; fileRef = 60CB09072786B4770082B20B /* SixthViewController.swift */; };
		60CB090A2786C12D0082B20B /* SeventhViewController.swift in Sources */ = {isa = PBXBuildFile; fileRef = 60CB09092786C12D0082B20B /* SeventhViewController.swift */; };
		60CB090C2786CC6C0082B20B /* EightsViewController.swift in Sources */ = {isa = PBXBuildFile; fileRef = 60CB090B2786CC6C0082B20B /* EightsViewController.swift */; };
		60F182FA2785B6DF00DE0100 /* AppDelegate.swift in Sources */ = {isa = PBXBuildFile; fileRef = 60F182F92785B6DF00DE0100 /* AppDelegate.swift */; };
		60F182FC2785B6DF00DE0100 /* SceneDelegate.swift in Sources */ = {isa = PBXBuildFile; fileRef = 60F182FB2785B6DF00DE0100 /* SceneDelegate.swift */; };
		60F182FE2785B6DF00DE0100 /* ViewController.swift in Sources */ = {isa = PBXBuildFile; fileRef = 60F182FD2785B6DF00DE0100 /* ViewController.swift */; };
		60F183012785B6DF00DE0100 /* Main.storyboard in Resources */ = {isa = PBXBuildFile; fileRef = 60F182FF2785B6DF00DE0100 /* Main.storyboard */; };
		60F183032785B6E000DE0100 /* Assets.xcassets in Resources */ = {isa = PBXBuildFile; fileRef = 60F183022785B6E000DE0100 /* Assets.xcassets */; };
		60F183062785B6E000DE0100 /* LaunchScreen.storyboard in Resources */ = {isa = PBXBuildFile; fileRef = 60F183042785B6E000DE0100 /* LaunchScreen.storyboard */; };
		60F1830E2785CFDA00DE0100 /* CustomButton.swift in Sources */ = {isa = PBXBuildFile; fileRef = 60F1830D2785CFDA00DE0100 /* CustomButton.swift */; };
		60F183102785D27100DE0100 /* SecondViewController.swift in Sources */ = {isa = PBXBuildFile; fileRef = 60F1830F2785D27000DE0100 /* SecondViewController.swift */; };
/* End PBXBuildFile section */

/* Begin PBXFileReference section */
		04FBBA33D18D56DF5DDEF946 /* Pods-figmaapp1.release.xcconfig */ = {isa = PBXFileReference; includeInIndex = 1; lastKnownFileType = text.xcconfig; name = "Pods-figmaapp1.release.xcconfig"; path = "Target Support Files/Pods-figmaapp1/Pods-figmaapp1.release.xcconfig"; sourceTree = "<group>"; };
		368C855D9F0B8AC95DB6887A /* Pods-figmaapp1.debug.xcconfig */ = {isa = PBXFileReference; includeInIndex = 1; lastKnownFileType = text.xcconfig; name = "Pods-figmaapp1.debug.xcconfig"; path = "Target Support Files/Pods-figmaapp1/Pods-figmaapp1.debug.xcconfig"; sourceTree = "<group>"; };
		4710AC7186A4CF26DA497328 /* Pods_figmaapp1.framework */ = {isa = PBXFileReference; explicitFileType = wrapper.framework; includeInIndex = 0; path = Pods_figmaapp1.framework; sourceTree = BUILT_PRODUCTS_DIR; };
		605D8EBF278615DF00F6D5A4 /* FourthViewController.swift */ = {isa = PBXFileReference; lastKnownFileType = sourcecode.swift; path = FourthViewController.swift; sourceTree = "<group>"; };
		6092DE262786091500CFE26F /* ThirdViewController.swift */ = {isa = PBXFileReference; lastKnownFileType = sourcecode.swift; path = ThirdViewController.swift; sourceTree = "<group>"; };
		60CB09052786B11E0082B20B /* FifthViewController.swift */ = {isa = PBXFileReference; lastKnownFileType = sourcecode.swift; path = FifthViewController.swift; sourceTree = "<group>"; };
		60CB09072786B4770082B20B /* SixthViewController.swift */ = {isa = PBXFileReference; lastKnownFileType = sourcecode.swift; path = SixthViewController.swift; sourceTree = "<group>"; };
		60CB09092786C12D0082B20B /* SeventhViewController.swift */ = {isa = PBXFileReference; lastKnownFileType = sourcecode.swift; path = SeventhViewController.swift; sourceTree = "<group>"; };
		60CB090B2786CC6C0082B20B /* EightsViewController.swift */ = {isa = PBXFileReference; lastKnownFileType = sourcecode.swift; path = EightsViewController.swift; sourceTree = "<group>"; };
		60F182F62785B6DF00DE0100 /* figmaapp1.app */ = {isa = PBXFileReference; explicitFileType = wrapper.application; includeInIndex = 0; path = figmaapp1.app; sourceTree = BUILT_PRODUCTS_DIR; };
		60F182F92785B6DF00DE0100 /* AppDelegate.swift */ = {isa = PBXFileReference; lastKnownFileType = sourcecode.swift; path = AppDelegate.swift; sourceTree = "<group>"; };
		60F182FB2785B6DF00DE0100 /* SceneDelegate.swift */ = {isa = PBXFileReference; lastKnownFileType = sourcecode.swift; path = SceneDelegate.swift; sourceTree = "<group>"; };
		60F182FD2785B6DF00DE0100 /* ViewController.swift */ = {isa = PBXFileReference; lastKnownFileType = sourcecode.swift; path = ViewController.swift; sourceTree = "<group>"; };
		60F183002785B6DF00DE0100 /* Base */ = {isa = PBXFileReference; lastKnownFileType = file.storyboard; name = Base; path = Base.lproj/Main.storyboard; sourceTree = "<group>"; };
		60F183022785B6E000DE0100 /* Assets.xcassets */ = {isa = PBXFileReference; lastKnownFileType = folder.assetcatalog; path = Assets.xcassets; sourceTree = "<group>"; };
		60F183052785B6E000DE0100 /* Base */ = {isa = PBXFileReference; lastKnownFileType = file.storyboard; name = Base; path = Base.lproj/LaunchScreen.storyboard; sourceTree = "<group>"; };
		60F183072785B6E000DE0100 /* Info.plist */ = {isa = PBXFileReference; lastKnownFileType = text.plist.xml; path = Info.plist; sourceTree = "<group>"; };
		60F1830D2785CFDA00DE0100 /* CustomButton.swift */ = {isa = PBXFileReference; lastKnownFileType = sourcecode.swift; path = CustomButton.swift; sourceTree = "<group>"; };
		60F1830F2785D27000DE0100 /* SecondViewController.swift */ = {isa = PBXFileReference; lastKnownFileType = sourcecode.swift; path = SecondViewController.swift; sourceTree = "<group>"; };
/* End PBXFileReference section */

/* Begin PBXFrameworksBuildPhase section */
		60F182F32785B6DF00DE0100 /* Frameworks */ = {
			isa = PBXFrameworksBuildPhase;
			buildActionMask = 2147483647;
			files = (
				20302C126F897A5F78853ED2 /* Pods_figmaapp1.framework in Frameworks */,
			);
			runOnlyForDeploymentPostprocessing = 0;
		};
/* End PBXFrameworksBuildPhase section */

/* Begin PBXGroup section */
		60F182ED2785B6DF00DE0100 = {
			isa = PBXGroup;
			children = (
				60F182F82785B6DF00DE0100 /* figmaapp1 */,
				60F182F72785B6DF00DE0100 /* Products */,
				ED08F334C96D378C5DC4E56D /* Pods */,
				D95C08FC964999E801BD53C6 /* Frameworks */,
			);
			sourceTree = "<group>";
		};
		60F182F72785B6DF00DE0100 /* Products */ = {
			isa = PBXGroup;
			children = (
				60F182F62785B6DF00DE0100 /* figmaapp1.app */,
			);
			name = Products;
			sourceTree = "<group>";
		};
		60F182F82785B6DF00DE0100 /* figmaapp1 */ = {
			isa = PBXGroup;
			children = (
				60F182F92785B6DF00DE0100 /* AppDelegate.swift */,
				60F182FB2785B6DF00DE0100 /* SceneDelegate.swift */,
				60F182FD2785B6DF00DE0100 /* ViewController.swift */,
				60F182FF2785B6DF00DE0100 /* Main.storyboard */,
				60F183022785B6E000DE0100 /* Assets.xcassets */,
				60F183042785B6E000DE0100 /* LaunchScreen.storyboard */,
				60F183072785B6E000DE0100 /* Info.plist */,
				60F1830D2785CFDA00DE0100 /* CustomButton.swift */,
				60F1830F2785D27000DE0100 /* SecondViewController.swift */,
				6092DE262786091500CFE26F /* ThirdViewController.swift */,
				605D8EBF278615DF00F6D5A4 /* FourthViewController.swift */,
				60CB09052786B11E0082B20B /* FifthViewController.swift */,
				60CB09072786B4770082B20B /* SixthViewController.swift */,
				60CB09092786C12D0082B20B /* SeventhViewController.swift */,
				60CB090B2786CC6C0082B20B /* EightsViewController.swift */,
			);
			path = figmaapp1;
			sourceTree = "<group>";
		};
		D95C08FC964999E801BD53C6 /* Frameworks */ = {
			isa = PBXGroup;
			children = (
				4710AC7186A4CF26DA497328 /* Pods_figmaapp1.framework */,
			);
			name = Frameworks;
			sourceTree = "<group>";
		};
		ED08F334C96D378C5DC4E56D /* Pods */ = {
			isa = PBXGroup;
			children = (
				368C855D9F0B8AC95DB6887A /* Pods-figmaapp1.debug.xcconfig */,
				04FBBA33D18D56DF5DDEF946 /* Pods-figmaapp1.release.xcconfig */,
			);
			path = Pods;
			sourceTree = "<group>";
		};
/* End PBXGroup section */

/* Begin PBXNativeTarget section */
		60F182F52785B6DF00DE0100 /* figmaapp1 */ = {
			isa = PBXNativeTarget;
			buildConfigurationList = 60F1830A2785B6E000DE0100 /* Build configuration list for PBXNativeTarget "figmaapp1" */;
			buildPhases = (
				1BFE01C3B2F55C0AB5053378 /* [CP] Check Pods Manifest.lock */,
				60F182F22785B6DF00DE0100 /* Sources */,
				60F182F32785B6DF00DE0100 /* Frameworks */,
				60F182F42785B6DF00DE0100 /* Resources */,
				D01BFB13E7F29EA92CD0A120 /* [CP] Embed Pods Frameworks */,
			);
			buildRules = (
			);
			dependencies = (
			);
			name = figmaapp1;
			productName = figmaapp1;
			productReference = 60F182F62785B6DF00DE0100 /* figmaapp1.app */;
			productType = "com.apple.product-type.application";
		};
/* End PBXNativeTarget section */

/* Begin PBXProject section */
		60F182EE2785B6DF00DE0100 /* Project object */ = {
			isa = PBXProject;
			attributes = {
				BuildIndependentTargetsInParallel = 1;
				LastSwiftUpdateCheck = 1310;
				LastUpgradeCheck = 1310;
				TargetAttributes = {
					60F182F52785B6DF00DE0100 = {
						CreatedOnToolsVersion = 13.1;
					};
				};
			};
			buildConfigurationList = 60F182F12785B6DF00DE0100 /* Build configuration list for PBXProject "figmaapp1" */;
			compatibilityVersion = "Xcode 13.0";
			developmentRegion = en;
			hasScannedForEncodings = 0;
			knownRegions = (
				en,
				Base,
			);
			mainGroup = 60F182ED2785B6DF00DE0100;
			productRefGroup = 60F182F72785B6DF00DE0100 /* Products */;
			projectDirPath = "";
			projectRoot = "";
			targets = (
				60F182F52785B6DF00DE0100 /* figmaapp1 */,
			);
		};
/* End PBXProject section */

/* Begin PBXResourcesBuildPhase section */
		60F182F42785B6DF00DE0100 /* Resources */ = {
			isa = PBXResourcesBuildPhase;
			buildActionMask = 2147483647;
			files = (
				60F183062785B6E000DE0100 /* LaunchScreen.storyboard in Resources */,
				60F183032785B6E000DE0100 /* Assets.xcassets in Resources */,
				60F183012785B6DF00DE0100 /* Main.storyboard in Resources */,
			);
			runOnlyForDeploymentPostprocessing = 0;
		};
/* End PBXResourcesBuildPhase section */

/* Begin PBXShellScriptBuildPhase section */
		1BFE01C3B2F55C0AB5053378 /* [CP] Check Pods Manifest.lock */ = {
			isa = PBXShellScriptBuildPhase;
			buildActionMask = 2147483647;
			files = (
			);
			inputFileListPaths = (
			);
			inputPaths = (
				"${PODS_PODFILE_DIR_PATH}/Podfile.lock",
				"${PODS_ROOT}/Manifest.lock",
			);
			name = "[CP] Check Pods Manifest.lock";
			outputFileListPaths = (
			);
			outputPaths = (
				"$(DERIVED_FILE_DIR)/Pods-figmaapp1-checkManifestLockResult.txt",
			);
			runOnlyForDeploymentPostprocessing = 0;
			shellPath = /bin/sh;
			shellScript = "diff \"${PODS_PODFILE_DIR_PATH}/Podfile.lock\" \"${PODS_ROOT}/Manifest.lock\" > /dev/null\nif [ $? != 0 ] ; then\n    # print error to STDERR\n    echo \"error: The sandbox is not in sync with the Podfile.lock. Run 'pod install' or update your CocoaPods installation.\" >&2\n    exit 1\nfi\n# This output is used by Xcode 'outputs' to avoid re-running this script phase.\necho \"SUCCESS\" > \"${SCRIPT_OUTPUT_FILE_0}\"\n";
			showEnvVarsInLog = 0;
		};
		D01BFB13E7F29EA92CD0A120 /* [CP] Embed Pods Frameworks */ = {
			isa = PBXShellScriptBuildPhase;
			buildActionMask = 2147483647;
			files = (
			);
			inputFileListPaths = (
				"${PODS_ROOT}/Target Support Files/Pods-figmaapp1/Pods-figmaapp1-frameworks-${CONFIGURATION}-input-files.xcfilelist",
			);
			name = "[CP] Embed Pods Frameworks";
			outputFileListPaths = (
				"${PODS_ROOT}/Target Support Files/Pods-figmaapp1/Pods-figmaapp1-frameworks-${CONFIGURATION}-output-files.xcfilelist",
			);
			runOnlyForDeploymentPostprocessing = 0;
			shellPath = /bin/sh;
			shellScript = "\"${PODS_ROOT}/Target Support Files/Pods-figmaapp1/Pods-figmaapp1-frameworks.sh\"\n";
			showEnvVarsInLog = 0;
		};
/* End PBXShellScriptBuildPhase section */

/* Begin PBXSourcesBuildPhase section */
		60F182F22785B6DF00DE0100 /* Sources */ = {
			isa = PBXSourcesBuildPhase;
			buildActionMask = 2147483647;
			files = (
				60F1830E2785CFDA00DE0100 /* CustomButton.swift in Sources */,
				60CB09082786B4770082B20B /* SixthViewController.swift in Sources */,
				60F182FE2785B6DF00DE0100 /* ViewController.swift in Sources */,
				60CB090C2786CC6C0082B20B /* EightsViewController.swift in Sources */,
				60F182FA2785B6DF00DE0100 /* AppDelegate.swift in Sources */,
				60CB090A2786C12D0082B20B /* SeventhViewController.swift in Sources */,
				605D8EC0278615DF00F6D5A4 /* FourthViewController.swift in Sources */,
				60CB09062786B11E0082B20B /* FifthViewController.swift in Sources */,
				60F183102785D27100DE0100 /* SecondViewController.swift in Sources */,
				6092DE272786091500CFE26F /* ThirdViewController.swift in Sources */,
				60F182FC2785B6DF00DE0100 /* SceneDelegate.swift in Sources */,
			);
			runOnlyForDeploymentPostprocessing = 0;
		};
/* End PBXSourcesBuildPhase section */

/* Begin PBXVariantGroup section */
		60F182FF2785B6DF00DE0100 /* Main.storyboard */ = {
			isa = PBXVariantGroup;
			children = (
				60F183002785B6DF00DE0100 /* Base */,
			);
			name = Main.storyboard;
			sourceTree = "<group>";
		};
		60F183042785B6E000DE0100 /* LaunchScreen.storyboard */ = {
			isa = PBXVariantGroup;
			children = (
				60F183052785B6E000DE0100 /* Base */,
			);
			name = LaunchScreen.storyboard;
			sourceTree = "<group>";
		};
/* End PBXVariantGroup section */

/* Begin XCBuildConfiguration section */
		60F183082785B6E000DE0100 /* Debug */ = {
			isa = XCBuildConfiguration;
			buildSettings = {
				ALWAYS_SEARCH_USER_PATHS = NO;
				CLANG_ANALYZER_NONNULL = YES;
				CLANG_ANALYZER_NUMBER_OBJECT_CONVERSION = YES_AGGRESSIVE;
				CLANG_CXX_LANGUAGE_STANDARD = "gnu++17";
				CLANG_CXX_LIBRARY = "libc++";
				CLANG_ENABLE_MODULES = YES;
				CLANG_ENABLE_OBJC_ARC = YES;
				CLANG_ENABLE_OBJC_WEAK = YES;
				CLANG_WARN_BLOCK_CAPTURE_AUTORELEASING = YES;
				CLANG_WARN_BOOL_CONVERSION = YES;
				CLANG_WARN_COMMA = YES;
				CLANG_WARN_CONSTANT_CONVERSION = YES;
				CLANG_WARN_DEPRECATED_OBJC_IMPLEMENTATIONS = YES;
				CLANG_WARN_DIRECT_OBJC_ISA_USAGE = YES_ERROR;
				CLANG_WARN_DOCUMENTATION_COMMENTS = YES;
				CLANG_WARN_EMPTY_BODY = YES;
				CLANG_WARN_ENUM_CONVERSION = YES;
				CLANG_WARN_INFINITE_RECURSION = YES;
				CLANG_WARN_INT_CONVERSION = YES;
				CLANG_WARN_NON_LITERAL_NULL_CONVERSION = YES;
				CLANG_WARN_OBJC_IMPLICIT_RETAIN_SELF = YES;
				CLANG_WARN_OBJC_LITERAL_CONVERSION = YES;
				CLANG_WARN_OBJC_ROOT_CLASS = YES_ERROR;
				CLANG_WARN_QUOTED_INCLUDE_IN_FRAMEWORK_HEADER = YES;
				CLANG_WARN_RANGE_LOOP_ANALYSIS = YES;
				CLANG_WARN_STRICT_PROTOTYPES = YES;
				CLANG_WARN_SUSPICIOUS_MOVE = YES;
				CLANG_WARN_UNGUARDED_AVAILABILITY = YES_AGGRESSIVE;
				CLANG_WARN_UNREACHABLE_CODE = YES;
				CLANG_WARN__DUPLICATE_METHOD_MATCH = YES;
				COPY_PHASE_STRIP = NO;
				DEBUG_INFORMATION_FORMAT = dwarf;
				ENABLE_STRICT_OBJC_MSGSEND = YES;
				ENABLE_TESTABILITY = YES;
				GCC_C_LANGUAGE_STANDARD = gnu11;
				GCC_DYNAMIC_NO_PIC = NO;
				GCC_NO_COMMON_BLOCKS = YES;
				GCC_OPTIMIZATION_LEVEL = 0;
				GCC_PREPROCESSOR_DEFINITIONS = (
					"DEBUG=1",
					"$(inherited)",
				);
				GCC_WARN_64_TO_32_BIT_CONVERSION = YES;
				GCC_WARN_ABOUT_RETURN_TYPE = YES_ERROR;
				GCC_WARN_UNDECLARED_SELECTOR = YES;
				GCC_WARN_UNINITIALIZED_AUTOS = YES_AGGRESSIVE;
				GCC_WARN_UNUSED_FUNCTION = YES;
				GCC_WARN_UNUSED_VARIABLE = YES;
				IPHONEOS_DEPLOYMENT_TARGET = 15.0;
				MTL_ENABLE_DEBUG_INFO = INCLUDE_SOURCE;
				MTL_FAST_MATH = YES;
				ONLY_ACTIVE_ARCH = YES;
				SDKROOT = iphoneos;
				SWIFT_ACTIVE_COMPILATION_CONDITIONS = DEBUG;
				SWIFT_OPTIMIZATION_LEVEL = "-Onone";
			};
			name = Debug;
		};
		60F183092785B6E000DE0100 /* Release */ = {
			isa = XCBuildConfiguration;
			buildSettings = {
				ALWAYS_SEARCH_USER_PATHS = NO;
				CLANG_ANALYZER_NONNULL = YES;
				CLANG_ANALYZER_NUMBER_OBJECT_CONVERSION = YES_AGGRESSIVE;
				CLANG_CXX_LANGUAGE_STANDARD = "gnu++17";
				CLANG_CXX_LIBRARY = "libc++";
				CLANG_ENABLE_MODULES = YES;
				CLANG_ENABLE_OBJC_ARC = YES;
				CLANG_ENABLE_OBJC_WEAK = YES;
				CLANG_WARN_BLOCK_CAPTURE_AUTORELEASING = YES;
				CLANG_WARN_BOOL_CONVERSION = YES;
				CLANG_WARN_COMMA = YES;
				CLANG_WARN_CONSTANT_CONVERSION = YES;
				CLANG_WARN_DEPRECATED_OBJC_IMPLEMENTATIONS = YES;
				CLANG_WARN_DIRECT_OBJC_ISA_USAGE = YES_ERROR;
				CLANG_WARN_DOCUMENTATION_COMMENTS = YES;
				CLANG_WARN_EMPTY_BODY = YES;
				CLANG_WARN_ENUM_CONVERSION = YES;
				CLANG_WARN_INFINITE_RECURSION = YES;
				CLANG_WARN_INT_CONVERSION = YES;
				CLANG_WARN_NON_LITERAL_NULL_CONVERSION = YES;
				CLANG_WARN_OBJC_IMPLICIT_RETAIN_SELF = YES;
				CLANG_WARN_OBJC_LITERAL_CONVERSION = YES;
				CLANG_WARN_OBJC_ROOT_CLASS = YES_ERROR;
				CLANG_WARN_QUOTED_INCLUDE_IN_FRAMEWORK_HEADER = YES;
				CLANG_WARN_RANGE_LOOP_ANALYSIS = YES;
				CLANG_WARN_STRICT_PROTOTYPES = YES;
				CLANG_WARN_SUSPICIOUS_MOVE = YES;
				CLANG_WARN_UNGUARDED_AVAILABILITY = YES_AGGRESSIVE;
				CLANG_WARN_UNREACHABLE_CODE = YES;
				CLANG_WARN__DUPLICATE_METHOD_MATCH = YES;
				COPY_PHASE_STRIP = NO;
				DEBUG_INFORMATION_FORMAT = "dwarf-with-dsym";
				ENABLE_NS_ASSERTIONS = NO;
				ENABLE_STRICT_OBJC_MSGSEND = YES;
				GCC_C_LANGUAGE_STANDARD = gnu11;
				GCC_NO_COMMON_BLOCKS = YES;
				GCC_WARN_64_TO_32_BIT_CONVERSION = YES;
				GCC_WARN_ABOUT_RETURN_TYPE = YES_ERROR;
				GCC_WARN_UNDECLARED_SELECTOR = YES;
				GCC_WARN_UNINITIALIZED_AUTOS = YES_AGGRESSIVE;
				GCC_WARN_UNUSED_FUNCTION = YES;
				GCC_WARN_UNUSED_VARIABLE = YES;
				IPHONEOS_DEPLOYMENT_TARGET = 15.0;
				MTL_ENABLE_DEBUG_INFO = NO;
				MTL_FAST_MATH = YES;
				SDKROOT = iphoneos;
				SWIFT_COMPILATION_MODE = wholemodule;
				SWIFT_OPTIMIZATION_LEVEL = "-O";
				VALIDATE_PRODUCT = YES;
			};
			name = Release;
		};
		60F1830B2785B6E000DE0100 /* Debug */ = {
			isa = XCBuildConfiguration;
			baseConfigurationReference = 368C855D9F0B8AC95DB6887A /* Pods-figmaapp1.debug.xcconfig */;
			buildSettings = {
				ASSETCATALOG_COMPILER_APPICON_NAME = AppIcon;
				ASSETCATALOG_COMPILER_GLOBAL_ACCENT_COLOR_NAME = AccentColor;
				CODE_SIGN_STYLE = Automatic;
				CURRENT_PROJECT_VERSION = 1;
				DEVELOPMENT_TEAM = F74RB453B9;
				GENERATE_INFOPLIST_FILE = YES;
				INFOPLIST_FILE = figmaapp1/Info.plist;
				INFOPLIST_KEY_UIApplicationSupportsIndirectInputEvents = YES;
				INFOPLIST_KEY_UILaunchStoryboardName = LaunchScreen;
				INFOPLIST_KEY_UIMainStoryboardFile = Main;
				INFOPLIST_KEY_UISupportedInterfaceOrientations = UIInterfaceOrientationPortrait;
				INFOPLIST_KEY_UISupportedInterfaceOrientations_iPad = "UIInterfaceOrientationPortrait UIInterfaceOrientationPortraitUpsideDown UIInterfaceOrientationLandscapeLeft UIInterfaceOrientationLandscapeRight";
				INFOPLIST_KEY_UISupportedInterfaceOrientations_iPhone = "UIInterfaceOrientationPortrait UIInterfaceOrientationLandscapeLeft UIInterfaceOrientationLandscapeRight";
				LD_RUNPATH_SEARCH_PATHS = (
					"$(inherited)",
					"@executable_path/Frameworks",
				);
				MARKETING_VERSION = 1.0;
				PRODUCT_BUNDLE_IDENTIFIER = RuslanSinner.figmaapp1;
				PRODUCT_NAME = "$(TARGET_NAME)";
				SWIFT_EMIT_LOC_STRINGS = YES;
				SWIFT_VERSION = 5.0;
				TARGETED_DEVICE_FAMILY = "1,2";
			};
			name = Debug;
		};
		60F1830C2785B6E000DE0100 /* Release */ = {
			isa = XCBuildConfiguration;
			baseConfigurationReference = 04FBBA33D18D56DF5DDEF946 /* Pods-figmaapp1.release.xcconfig */;
			buildSettings = {
				ASSETCATALOG_COMPILER_APPICON_NAME = AppIcon;
				ASSETCATALOG_COMPILER_GLOBAL_ACCENT_COLOR_NAME = AccentColor;
				CODE_SIGN_STYLE = Automatic;
				CURRENT_PROJECT_VERSION = 1;
				DEVELOPMENT_TEAM = F74RB453B9;
				GENERATE_INFOPLIST_FILE = YES;
				INFOPLIST_FILE = figmaapp1/Info.plist;
				INFOPLIST_KEY_UIApplicationSupportsIndirectInputEvents = YES;
				INFOPLIST_KEY_UILaunchStoryboardName = LaunchScreen;
				INFOPLIST_KEY_UIMainStoryboardFile = Main;
				INFOPLIST_KEY_UISupportedInterfaceOrientations = UIInterfaceOrientationPortrait;
				INFOPLIST_KEY_UISupportedInterfaceOrientations_iPad = "UIInterfaceOrientationPortrait UIInterfaceOrientationPortraitUpsideDown UIInterfaceOrientationLandscapeLeft UIInterfaceOrientationLandscapeRight";
				INFOPLIST_KEY_UISupportedInterfaceOrientations_iPhone = "UIInterfaceOrientationPortrait UIInterfaceOrientationLandscapeLeft UIInterfaceOrientationLandscapeRight";
				LD_RUNPATH_SEARCH_PATHS = (
					"$(inherited)",
					"@executable_path/Frameworks",
				);
				MARKETING_VERSION = 1.0;
				PRODUCT_BUNDLE_IDENTIFIER = RuslanSinner.figmaapp1;
				PRODUCT_NAME = "$(TARGET_NAME)";
				SWIFT_EMIT_LOC_STRINGS = YES;
				SWIFT_VERSION = 5.0;
				TARGETED_DEVICE_FAMILY = "1,2";
			};
			name = Release;
		};
/* End XCBuildConfiguration section */

/* Begin XCConfigurationList section */
		60F182F12785B6DF00DE0100 /* Build configuration list for PBXProject "figmaapp1" */ = {
			isa = XCConfigurationList;
			buildConfigurations = (
				60F183082785B6E000DE0100 /* Debug */,
				60F183092785B6E000DE0100 /* Release */,
			);
			defaultConfigurationIsVisible = 0;
			defaultConfigurationName = Release;
		};
		60F1830A2785B6E000DE0100 /* Build configuration list for PBXNativeTarget "figmaapp1" */ = {
			isa = XCConfigurationList;
			buildConfigurations = (
				60F1830B2785B6E000DE0100 /* Debug */,
				60F1830C2785B6E000DE0100 /* Release */,
			);
			defaultConfigurationIsVisible = 0;
			defaultConfigurationName = Release;
		};
/* End XCConfigurationList section */
	};
	rootObject = 60F182EE2785B6DF00DE0100 /* Project object */;
}
